{
  "nodes": {
    "flake-utils": {
      "locked": {
        "lastModified": 1644229661,
        "narHash": "sha256-1YdnJAsNy69bpcjuoKdOYQX0YxZBiCYZo4Twxerqv7k=",
        "owner": "numtide",
        "repo": "flake-utils",
        "rev": "3cecb5b042f7f209c56ffd8371b2711a290ec797",
        "type": "github"
      },
      "original": {
        "owner": "numtide",
        "repo": "flake-utils",
        "type": "github"
      }
    },
    "nixpkgs": {
      "locked": {
        "lastModified": 1648648646,
        "narHash": "sha256-pHAq/GvsP7zRHkUTCs+4d31C0IEtTIuC6/TFASIA+zg=",
        "owner": "NixOS",
        "repo": "nixpkgs",
        "rev": "efea022d6fe0da84aa6613d4ddeafb80de713457",
        "type": "github"
      },
      "original": {
        "id": "nixpkgs",
        "ref": "nixos-21.11",
        "type": "indirect"
      }
    },
    "pretixSrc": {
      "flake": false,
      "locked": {
        "lastModified": 1651496678,
        "narHash": "sha256-GkChNYqTvCqGrsFzf3dMGdsMlx+zcfr/Iby5KyMrpZM=",
        "owner": "n0emis",
        "repo": "pretix",
        "rev": "e3c3411b7ecd4402547313c6710f77a9a1ff2330",
        "type": "github"
      },
      "original": {
        "owner": "n0emis",
        "ref": "patch-stripe-name",
        "repo": "pretix",
        "type": "github"
      }
    },
    "root": {
      "inputs": {
        "flake-utils": "flake-utils",
        "nixpkgs": "nixpkgs",
        "pretixSrc": "pretixSrc"
      }
    }
  },
  "root": "root",
  "version": 7
}
