{
  "nodes": {
    "flake-utils": {
      "locked": {
        "lastModified": 1644229661,
        "narHash": "sha256-1YdnJAsNy69bpcjuoKdOYQX0YxZBiCYZo4Twxerqv7k=",
        "owner": "numtide",
        "repo": "flake-utils",
        "rev": "3cecb5b042f7f209c56ffd8371b2711a290ec797",
        "type": "github"
      },
      "original": {
        "owner": "numtide",
        "repo": "flake-utils",
        "type": "github"
      }
    },
    "nixpkgs": {
      "locked": {
        "lastModified": 1648648646,
        "narHash": "sha256-pHAq/GvsP7zRHkUTCs+4d31C0IEtTIuC6/TFASIA+zg=",
        "owner": "NixOS",
        "repo": "nixpkgs",
        "rev": "efea022d6fe0da84aa6613d4ddeafb80de713457",
        "type": "github"
      },
      "original": {
        "id": "nixpkgs",
        "ref": "nixos-21.11",
        "type": "indirect"
      }
    },
    "pretixSrc": {
      "flake": false,
      "locked": {
        "lastModified": 1648887890,
        "narHash": "sha256-ry7Txosfibs6+79P8vapHXD67LdfRSyC1lMeq6TChBk=",
        "owner": "n0emis",
        "repo": "pretix",
        "rev": "8f551545ccaac31b6b64ee9d48e914b140cee2d9",
        "type": "github"
      },
      "original": {
        "owner": "n0emis",
        "ref": "patch-stripe-name",
        "repo": "pretix",
        "type": "github"
      }
    },
    "root": {
      "inputs": {
        "flake-utils": "flake-utils",
        "nixpkgs": "nixpkgs",
        "pretixSrc": "pretixSrc"
      }
    }
  },
  "root": "root",
  "version": 7
}
