{
  "nodes": {
    "flake-utils": {
      "locked": {
        "lastModified": 1644229661,
        "narHash": "sha256-1YdnJAsNy69bpcjuoKdOYQX0YxZBiCYZo4Twxerqv7k=",
        "owner": "numtide",
        "repo": "flake-utils",
        "rev": "3cecb5b042f7f209c56ffd8371b2711a290ec797",
        "type": "github"
      },
      "original": {
        "owner": "numtide",
        "repo": "flake-utils",
        "type": "github"
      }
    },
    "nixpkgs": {
      "locked": {
        "lastModified": 1648553562,
        "narHash": "sha256-xQhRKu6h0phd56oCzGjkhHkY4eDI1XKedGqkFtlXapk=",
        "owner": "NixOS",
        "repo": "nixpkgs",
        "rev": "9b168e5e62406fa2e55e132f390379a6ba22b402",
        "type": "github"
      },
      "original": {
        "id": "nixpkgs",
        "ref": "nixos-21.11",
        "type": "indirect"
      }
    },
    "pretixSrc": {
      "flake": false,
      "locked": {
        "lastModified": 1647781153,
        "narHash": "sha256-zEtI+KAy0U67n/SPvg3MR54BuGuG/itC1JOo7QooXFc=",
        "owner": "n0emis",
        "repo": "pretix",
        "rev": "5e51a15940772fe39be3e80adcec6f2a6e8bd1b9",
        "type": "github"
      },
      "original": {
        "owner": "n0emis",
        "ref": "patch-stripe-name",
        "repo": "pretix",
        "type": "github"
      }
    },
    "root": {
      "inputs": {
        "flake-utils": "flake-utils",
        "nixpkgs": "nixpkgs",
        "pretixSrc": "pretixSrc"
      }
    }
  },
  "root": "root",
  "version": 7
}
